
Microsoft Visual Studio Solution File, Format Version 12.00
# Visual Studio Version 17
VisualStudioVersion = 17.3.32929.385
MinimumVisualStudioVersion = 10.0.40219.1
Project("{FAE04EC0-301F-11D3-BF4B-00C04F79EFBC}") = "Project_3", "Project_3\Project_3.csproj", "{8348A543-0D7B-41A9-B613-18F727717A62}"
EndProject
Global
	GlobalSection(SolutionConfigurationPlatforms) = preSolution
		Debug|Any CPU = Debug|Any CPU
		Release|Any CPU = Release|Any CPU
	EndGlobalSection
	GlobalSection(ProjectConfigurationPlatforms) = postSolution
		{8348A543-0D7B-41A9-B613-18F727717A62}.Debug|Any CPU.ActiveCfg = Debug|Any CPU
		{8348A543-0D7B-41A9-B613-18F727717A62}.Debug|Any CPU.Build.0 = Debug|Any CPU
		{8348A543-0D7B-41A9-B613-18F727717A62}.Release|Any CPU.ActiveCfg = Release|Any CPU
		{8348A543-0D7B-41A9-B613-18F727717A62}.Release|Any CPU.Build.0 = Release|Any CPU
	EndGlobalSection
	GlobalSection(SolutionProperties) = preSolution
		HideSolutionNode = FALSE
	EndGlobalSection
	GlobalSection(ExtensibilityGlobals) = postSolution
		SolutionGuid = {B2F77576-E741-4BD9-A447-86C6A5D8BC91}
	EndGlobalSection
EndGlobal
